// !$*UTF8*$!
{
	archiveVersion = 1;
	classes = {
	};
	objectVersion = 46;
	objects = {

/* Begin PBXBuildFile section */
		201976AB2178E2EA00545C94 /* UIImage.swift in Sources */ = {isa = PBXBuildFile; fileRef = 201976AA2178E2EA00545C94 /* UIImage.swift */; };
		201976AD2179E55900545C94 /* WeekViewViewModel.swift in Sources */ = {isa = PBXBuildFile; fileRef = 201976AC2179E55900545C94 /* WeekViewViewModel.swift */; };
		201976B02179EC8500545C94 /* SettingsViewTimeViewModel.swift in Sources */ = {isa = PBXBuildFile; fileRef = 201976AF2179EC8500545C94 /* SettingsViewTimeViewModel.swift */; };
		201976B22179EE7C00545C94 /* SettingsViewUnitsViewModel.swift in Sources */ = {isa = PBXBuildFile; fileRef = 201976B12179EE7C00545C94 /* SettingsViewUnitsViewModel.swift */; };
		201976B42179F02100545C94 /* SettingsViewTemperatureViewModel.swift in Sources */ = {isa = PBXBuildFile; fileRef = 201976B32179F02100545C94 /* SettingsViewTemperatureViewModel.swift */; };
		201976B72179F23300545C94 /* SettingsRepresentable.swift in Sources */ = {isa = PBXBuildFile; fileRef = 201976B62179F23300545C94 /* SettingsRepresentable.swift */; };
		201976B9217A1D1B00545C94 /* WeatherDayViewViewModel.swift in Sources */ = {isa = PBXBuildFile; fileRef = 201976B8217A1D1B00545C94 /* WeatherDayViewViewModel.swift */; };
		201976BC217A1EFD00545C94 /* WeatherDayRepresentable.swift in Sources */ = {isa = PBXBuildFile; fileRef = 201976BB217A1EFD00545C94 /* WeatherDayRepresentable.swift */; };
		201976D0217A24C000545C94 /* SettingsViewTimeViewModelTests.swift in Sources */ = {isa = PBXBuildFile; fileRef = 201976CF217A24C000545C94 /* SettingsViewTimeViewModelTests.swift */; };
		201976D2217A2C0500545C94 /* SettingsViewTemperatureViewModelTests.swift in Sources */ = {isa = PBXBuildFile; fileRef = 201976D1217A2C0500545C94 /* SettingsViewTemperatureViewModelTests.swift */; };
		201976D4217A2EB000545C94 /* SettingsViewUnitsViewModelTests.swift in Sources */ = {isa = PBXBuildFile; fileRef = 201976D3217A2EB000545C94 /* SettingsViewUnitsViewModelTests.swift */; };
		201976D6217A32EE00545C94 /* darksky.json in Resources */ = {isa = PBXBuildFile; fileRef = 201976D5217A32EE00545C94 /* darksky.json */; };
		201976D8217A337600545C94 /* XCTestCase.swift in Sources */ = {isa = PBXBuildFile; fileRef = 201976D7217A337600545C94 /* XCTestCase.swift */; };
		201976DA217A344F00545C94 /* DayViewViewModelTests.swift in Sources */ = {isa = PBXBuildFile; fileRef = 201976D9217A344F00545C94 /* DayViewViewModelTests.swift */; };
		20516A40217BBE240043F679 /* WeekViewViewModelTests.swift in Sources */ = {isa = PBXBuildFile; fileRef = 20516A3F217BBE240043F679 /* WeekViewViewModelTests.swift */; };
		20B70D522178DD90006500CB /* DayViewViewModel.swift in Sources */ = {isa = PBXBuildFile; fileRef = 20B70D512178DD90006500CB /* DayViewViewModel.swift */; };
		20E34D2E217C4F6100C55177 /* WeatherDayViewViewModelTests.swift in Sources */ = {isa = PBXBuildFile; fileRef = 20E34D2D217C4F6100C55177 /* WeatherDayViewViewModelTests.swift */; };
		20E34D31217C577E00C55177 /* AddLocationViewViewModel.swift in Sources */ = {isa = PBXBuildFile; fileRef = 20E34D30217C577E00C55177 /* AddLocationViewViewModel.swift */; };
		54AE0A30C73D275153C5F71C /* Pods_Cloudy.framework in Frameworks */ = {isa = PBXBuildFile; fileRef = 1DEA41C3D26FA5CE95509E8C /* Pods_Cloudy.framework */; };
		CC08B9DB1DA206EE00754A85 /* SettingsViewController.swift in Sources */ = {isa = PBXBuildFile; fileRef = CC08B9DA1DA206EE00754A85 /* SettingsViewController.swift */; };
		CC08B9DE1DA20DB400754A85 /* SettingsTableViewCell.swift in Sources */ = {isa = PBXBuildFile; fileRef = CC08B9DD1DA20DB400754A85 /* SettingsTableViewCell.swift */; };
		CC08B9E11DA2169400754A85 /* UserDefaults.swift in Sources */ = {isa = PBXBuildFile; fileRef = CC08B9E01DA2169400754A85 /* UserDefaults.swift */; };
		CC08B9E31DA2208800754A85 /* Conversions.swift in Sources */ = {isa = PBXBuildFile; fileRef = CC08B9E21DA2208800754A85 /* Conversions.swift */; };
		CC63745E1DA0F557002E68DC /* WeatherDayTableViewCell.swift in Sources */ = {isa = PBXBuildFile; fileRef = CC63745D1DA0F557002E68DC /* WeatherDayTableViewCell.swift */; };
		CC7854CD1D9FF99700E7836D /* WeatherViewController.swift in Sources */ = {isa = PBXBuildFile; fileRef = CC7854CC1D9FF99700E7836D /* WeatherViewController.swift */; };
		CC83E0D51F13BF3B00EB0CAC /* LocationsViewController.swift in Sources */ = {isa = PBXBuildFile; fileRef = CC83E0D41F13BF3B00EB0CAC /* LocationsViewController.swift */; };
		CC83E0D81F13BF8000EB0CAC /* LocationRepresentable.swift in Sources */ = {isa = PBXBuildFile; fileRef = CC83E0D71F13BF8000EB0CAC /* LocationRepresentable.swift */; };
		CC83E0DB1F13BFAB00EB0CAC /* LocationsViewLocationViewModel.swift in Sources */ = {isa = PBXBuildFile; fileRef = CC83E0DA1F13BFAB00EB0CAC /* LocationsViewLocationViewModel.swift */; };
		CC83E0DE1F13BFD300EB0CAC /* LocationTableViewCell.swift in Sources */ = {isa = PBXBuildFile; fileRef = CC83E0DD1F13BFD300EB0CAC /* LocationTableViewCell.swift */; };
		CC83E0E11F13C01300EB0CAC /* AddLocationViewController.swift in Sources */ = {isa = PBXBuildFile; fileRef = CC83E0E01F13C01300EB0CAC /* AddLocationViewController.swift */; };
		CC83E0E31F13C07800EB0CAC /* Location.swift in Sources */ = {isa = PBXBuildFile; fileRef = CC83E0E21F13C07800EB0CAC /* Location.swift */; };
		CC89B4381D9FE3D0006BFD6E /* AppDelegate.swift in Sources */ = {isa = PBXBuildFile; fileRef = CC89B42D1D9FE3D0006BFD6E /* AppDelegate.swift */; };
		CC89B4391D9FE3D0006BFD6E /* RootViewController.swift in Sources */ = {isa = PBXBuildFile; fileRef = CC89B4301D9FE3D0006BFD6E /* RootViewController.swift */; };
		CC89B43B1D9FE3D0006BFD6E /* Assets.xcassets in Resources */ = {isa = PBXBuildFile; fileRef = CC89B4341D9FE3D0006BFD6E /* Assets.xcassets */; };
		CC89B43C1D9FE3D0006BFD6E /* LaunchScreen.storyboard in Resources */ = {isa = PBXBuildFile; fileRef = CC89B4361D9FE3D0006BFD6E /* LaunchScreen.storyboard */; };
		CC89B43D1D9FE3D0006BFD6E /* Main.storyboard in Resources */ = {isa = PBXBuildFile; fileRef = CC89B4371D9FE3D0006BFD6E /* Main.storyboard */; };
		CC89B4401D9FE5BC006BFD6E /* DayViewController.swift in Sources */ = {isa = PBXBuildFile; fileRef = CC89B43F1D9FE5BC006BFD6E /* DayViewController.swift */; };
		CC89B4421D9FE5C6006BFD6E /* WeekViewController.swift in Sources */ = {isa = PBXBuildFile; fileRef = CC89B4411D9FE5C6006BFD6E /* WeekViewController.swift */; };
		CC89B4451D9FE897006BFD6E /* DataManager.swift in Sources */ = {isa = PBXBuildFile; fileRef = CC89B4441D9FE897006BFD6E /* DataManager.swift */; };
		CC89B4481D9FE8D3006BFD6E /* Configuration.swift in Sources */ = {isa = PBXBuildFile; fileRef = CC89B4471D9FE8D3006BFD6E /* Configuration.swift */; };
		CC89B44C1D9FEB73006BFD6E /* JSONDecodable.swift in Sources */ = {isa = PBXBuildFile; fileRef = CC89B44B1D9FEB73006BFD6E /* JSONDecodable.swift */; };
		CC89B4501D9FEC2E006BFD6E /* WeatherData.swift in Sources */ = {isa = PBXBuildFile; fileRef = CC89B44F1D9FEC2E006BFD6E /* WeatherData.swift */; };
		CC89B4521D9FECBE006BFD6E /* WeatherDayData.swift in Sources */ = {isa = PBXBuildFile; fileRef = CC89B4511D9FECBE006BFD6E /* WeatherDayData.swift */; };
		F754631EF624C53CF75B221E /* Pods_CloudyTests.framework in Frameworks */ = {isa = PBXBuildFile; fileRef = 73DC4534CB2254DFFF64CA75 /* Pods_CloudyTests.framework */; };
/* End PBXBuildFile section */

/* Begin PBXContainerItemProxy section */
		201976C6217A223E00545C94 /* PBXContainerItemProxy */ = {
			isa = PBXContainerItemProxy;
			containerPortal = CC89B40F1D9FE314006BFD6E /* Project object */;
			proxyType = 1;
			remoteGlobalIDString = CC89B4161D9FE314006BFD6E;
			remoteInfo = Cloudy;
		};
/* End PBXContainerItemProxy section */

/* Begin PBXFileReference section */
		09901EA7C9B0D488C7EA4FF5 /* Pods-Cloudy.release.xcconfig */ = {isa = PBXFileReference; includeInIndex = 1; lastKnownFileType = text.xcconfig; name = "Pods-Cloudy.release.xcconfig"; path = "Pods/Target Support Files/Pods-Cloudy/Pods-Cloudy.release.xcconfig"; sourceTree = "<group>"; };
		1DEA41C3D26FA5CE95509E8C /* Pods_Cloudy.framework */ = {isa = PBXFileReference; explicitFileType = wrapper.framework; includeInIndex = 0; path = Pods_Cloudy.framework; sourceTree = BUILT_PRODUCTS_DIR; };
		201976AA2178E2EA00545C94 /* UIImage.swift */ = {isa = PBXFileReference; lastKnownFileType = sourcecode.swift; path = UIImage.swift; sourceTree = "<group>"; };
		201976AC2179E55900545C94 /* WeekViewViewModel.swift */ = {isa = PBXFileReference; lastKnownFileType = sourcecode.swift; path = WeekViewViewModel.swift; sourceTree = "<group>"; };
		201976AF2179EC8500545C94 /* SettingsViewTimeViewModel.swift */ = {isa = PBXFileReference; lastKnownFileType = sourcecode.swift; path = SettingsViewTimeViewModel.swift; sourceTree = "<group>"; };
		201976B12179EE7C00545C94 /* SettingsViewUnitsViewModel.swift */ = {isa = PBXFileReference; lastKnownFileType = sourcecode.swift; path = SettingsViewUnitsViewModel.swift; sourceTree = "<group>"; };
		201976B32179F02100545C94 /* SettingsViewTemperatureViewModel.swift */ = {isa = PBXFileReference; lastKnownFileType = sourcecode.swift; path = SettingsViewTemperatureViewModel.swift; sourceTree = "<group>"; };
		201976B62179F23300545C94 /* SettingsRepresentable.swift */ = {isa = PBXFileReference; lastKnownFileType = sourcecode.swift; path = SettingsRepresentable.swift; sourceTree = "<group>"; };
		201976B8217A1D1B00545C94 /* WeatherDayViewViewModel.swift */ = {isa = PBXFileReference; lastKnownFileType = sourcecode.swift; path = WeatherDayViewViewModel.swift; sourceTree = "<group>"; };
		201976BB217A1EFD00545C94 /* WeatherDayRepresentable.swift */ = {isa = PBXFileReference; lastKnownFileType = sourcecode.swift; path = WeatherDayRepresentable.swift; sourceTree = "<group>"; };
		201976C1217A223E00545C94 /* CloudyTests.xctest */ = {isa = PBXFileReference; explicitFileType = wrapper.cfbundle; includeInIndex = 0; path = CloudyTests.xctest; sourceTree = BUILT_PRODUCTS_DIR; };
		201976C5217A223E00545C94 /* Info.plist */ = {isa = PBXFileReference; lastKnownFileType = text.plist.xml; path = Info.plist; sourceTree = "<group>"; };
		201976CF217A24C000545C94 /* SettingsViewTimeViewModelTests.swift */ = {isa = PBXFileReference; lastKnownFileType = sourcecode.swift; path = SettingsViewTimeViewModelTests.swift; sourceTree = "<group>"; };
		201976D1217A2C0500545C94 /* SettingsViewTemperatureViewModelTests.swift */ = {isa = PBXFileReference; lastKnownFileType = sourcecode.swift; path = SettingsViewTemperatureViewModelTests.swift; sourceTree = "<group>"; };
		201976D3217A2EB000545C94 /* SettingsViewUnitsViewModelTests.swift */ = {isa = PBXFileReference; lastKnownFileType = sourcecode.swift; path = SettingsViewUnitsViewModelTests.swift; sourceTree = "<group>"; };
		201976D5217A32EE00545C94 /* darksky.json */ = {isa = PBXFileReference; fileEncoding = 4; lastKnownFileType = text.json; path = darksky.json; sourceTree = "<group>"; };
		201976D7217A337600545C94 /* XCTestCase.swift */ = {isa = PBXFileReference; lastKnownFileType = sourcecode.swift; path = XCTestCase.swift; sourceTree = "<group>"; };
		201976D9217A344F00545C94 /* DayViewViewModelTests.swift */ = {isa = PBXFileReference; lastKnownFileType = sourcecode.swift; path = DayViewViewModelTests.swift; sourceTree = "<group>"; };
		20516A3F217BBE240043F679 /* WeekViewViewModelTests.swift */ = {isa = PBXFileReference; lastKnownFileType = sourcecode.swift; path = WeekViewViewModelTests.swift; sourceTree = "<group>"; };
		20B70D512178DD90006500CB /* DayViewViewModel.swift */ = {isa = PBXFileReference; lastKnownFileType = sourcecode.swift; path = DayViewViewModel.swift; sourceTree = "<group>"; };
		20E34D2D217C4F6100C55177 /* WeatherDayViewViewModelTests.swift */ = {isa = PBXFileReference; lastKnownFileType = sourcecode.swift; path = WeatherDayViewViewModelTests.swift; sourceTree = "<group>"; };
		20E34D30217C577E00C55177 /* AddLocationViewViewModel.swift */ = {isa = PBXFileReference; lastKnownFileType = sourcecode.swift; path = AddLocationViewViewModel.swift; sourceTree = "<group>"; };
		5BAF4F518A7FDB74AB654508 /* Pods-CloudyTests.debug.xcconfig */ = {isa = PBXFileReference; includeInIndex = 1; lastKnownFileType = text.xcconfig; name = "Pods-CloudyTests.debug.xcconfig"; path = "Pods/Target Support Files/Pods-CloudyTests/Pods-CloudyTests.debug.xcconfig"; sourceTree = "<group>"; };
		73DC4534CB2254DFFF64CA75 /* Pods_CloudyTests.framework */ = {isa = PBXFileReference; explicitFileType = wrapper.framework; includeInIndex = 0; path = Pods_CloudyTests.framework; sourceTree = BUILT_PRODUCTS_DIR; };
		9F33E601F49BEEF38E6513A1 /* Pods-Cloudy.debug.xcconfig */ = {isa = PBXFileReference; includeInIndex = 1; lastKnownFileType = text.xcconfig; name = "Pods-Cloudy.debug.xcconfig"; path = "Pods/Target Support Files/Pods-Cloudy/Pods-Cloudy.debug.xcconfig"; sourceTree = "<group>"; };
		CC08B9DA1DA206EE00754A85 /* SettingsViewController.swift */ = {isa = PBXFileReference; fileEncoding = 4; lastKnownFileType = sourcecode.swift; path = SettingsViewController.swift; sourceTree = "<group>"; };
		CC08B9DD1DA20DB400754A85 /* SettingsTableViewCell.swift */ = {isa = PBXFileReference; fileEncoding = 4; lastKnownFileType = sourcecode.swift; path = SettingsTableViewCell.swift; sourceTree = "<group>"; };
		CC08B9E01DA2169400754A85 /* UserDefaults.swift */ = {isa = PBXFileReference; fileEncoding = 4; lastKnownFileType = sourcecode.swift; path = UserDefaults.swift; sourceTree = "<group>"; };
		CC08B9E21DA2208800754A85 /* Conversions.swift */ = {isa = PBXFileReference; fileEncoding = 4; lastKnownFileType = sourcecode.swift; path = Conversions.swift; sourceTree = "<group>"; };
		CC63745D1DA0F557002E68DC /* WeatherDayTableViewCell.swift */ = {isa = PBXFileReference; fileEncoding = 4; lastKnownFileType = sourcecode.swift; path = WeatherDayTableViewCell.swift; sourceTree = "<group>"; };
		CC7854CC1D9FF99700E7836D /* WeatherViewController.swift */ = {isa = PBXFileReference; fileEncoding = 4; lastKnownFileType = sourcecode.swift; path = WeatherViewController.swift; sourceTree = "<group>"; };
		CC83E0D41F13BF3B00EB0CAC /* LocationsViewController.swift */ = {isa = PBXFileReference; lastKnownFileType = sourcecode.swift; path = LocationsViewController.swift; sourceTree = "<group>"; };
		CC83E0D71F13BF8000EB0CAC /* LocationRepresentable.swift */ = {isa = PBXFileReference; lastKnownFileType = sourcecode.swift; path = LocationRepresentable.swift; sourceTree = "<group>"; };
		CC83E0DA1F13BFAB00EB0CAC /* LocationsViewLocationViewModel.swift */ = {isa = PBXFileReference; lastKnownFileType = sourcecode.swift; path = LocationsViewLocationViewModel.swift; sourceTree = "<group>"; };
		CC83E0DD1F13BFD300EB0CAC /* LocationTableViewCell.swift */ = {isa = PBXFileReference; lastKnownFileType = sourcecode.swift; path = LocationTableViewCell.swift; sourceTree = "<group>"; };
		CC83E0E01F13C01300EB0CAC /* AddLocationViewController.swift */ = {isa = PBXFileReference; lastKnownFileType = sourcecode.swift; path = AddLocationViewController.swift; sourceTree = "<group>"; };
		CC83E0E21F13C07800EB0CAC /* Location.swift */ = {isa = PBXFileReference; lastKnownFileType = sourcecode.swift; path = Location.swift; sourceTree = "<group>"; };
		CC89B4171D9FE314006BFD6E /* Cloudy.app */ = {isa = PBXFileReference; explicitFileType = wrapper.application; includeInIndex = 0; path = Cloudy.app; sourceTree = BUILT_PRODUCTS_DIR; };
		CC89B42D1D9FE3D0006BFD6E /* AppDelegate.swift */ = {isa = PBXFileReference; fileEncoding = 4; lastKnownFileType = sourcecode.swift; path = AppDelegate.swift; sourceTree = "<group>"; };
		CC89B4301D9FE3D0006BFD6E /* RootViewController.swift */ = {isa = PBXFileReference; fileEncoding = 4; lastKnownFileType = sourcecode.swift; path = RootViewController.swift; sourceTree = "<group>"; };
		CC89B4321D9FE3D0006BFD6E /* Info.plist */ = {isa = PBXFileReference; fileEncoding = 4; lastKnownFileType = text.plist.xml; path = Info.plist; sourceTree = "<group>"; };
		CC89B4341D9FE3D0006BFD6E /* Assets.xcassets */ = {isa = PBXFileReference; lastKnownFileType = folder.assetcatalog; path = Assets.xcassets; sourceTree = "<group>"; };
		CC89B4361D9FE3D0006BFD6E /* LaunchScreen.storyboard */ = {isa = PBXFileReference; fileEncoding = 4; lastKnownFileType = file.storyboard; path = LaunchScreen.storyboard; sourceTree = "<group>"; };
		CC89B4371D9FE3D0006BFD6E /* Main.storyboard */ = {isa = PBXFileReference; fileEncoding = 4; lastKnownFileType = file.storyboard; path = Main.storyboard; sourceTree = "<group>"; };
		CC89B43F1D9FE5BC006BFD6E /* DayViewController.swift */ = {isa = PBXFileReference; fileEncoding = 4; lastKnownFileType = sourcecode.swift; path = DayViewController.swift; sourceTree = "<group>"; };
		CC89B4411D9FE5C6006BFD6E /* WeekViewController.swift */ = {isa = PBXFileReference; fileEncoding = 4; lastKnownFileType = sourcecode.swift; path = WeekViewController.swift; sourceTree = "<group>"; };
		CC89B4441D9FE897006BFD6E /* DataManager.swift */ = {isa = PBXFileReference; fileEncoding = 4; lastKnownFileType = sourcecode.swift; path = DataManager.swift; sourceTree = "<group>"; };
		CC89B4471D9FE8D3006BFD6E /* Configuration.swift */ = {isa = PBXFileReference; fileEncoding = 4; lastKnownFileType = sourcecode.swift; path = Configuration.swift; sourceTree = "<group>"; };
		CC89B44B1D9FEB73006BFD6E /* JSONDecodable.swift */ = {isa = PBXFileReference; fileEncoding = 4; lastKnownFileType = sourcecode.swift; path = JSONDecodable.swift; sourceTree = "<group>"; };
		CC89B44F1D9FEC2E006BFD6E /* WeatherData.swift */ = {isa = PBXFileReference; fileEncoding = 4; lastKnownFileType = sourcecode.swift; path = WeatherData.swift; sourceTree = "<group>"; };
		CC89B4511D9FECBE006BFD6E /* WeatherDayData.swift */ = {isa = PBXFileReference; fileEncoding = 4; lastKnownFileType = sourcecode.swift; path = WeatherDayData.swift; sourceTree = "<group>"; };
		F14761321E99E8E9E6A23B31 /* Pods-CloudyTests.release.xcconfig */ = {isa = PBXFileReference; includeInIndex = 1; lastKnownFileType = text.xcconfig; name = "Pods-CloudyTests.release.xcconfig"; path = "Pods/Target Support Files/Pods-CloudyTests/Pods-CloudyTests.release.xcconfig"; sourceTree = "<group>"; };
/* End PBXFileReference section */

/* Begin PBXFrameworksBuildPhase section */
		201976BE217A223E00545C94 /* Frameworks */ = {
			isa = PBXFrameworksBuildPhase;
			buildActionMask = 2147483647;
			files = (
				F754631EF624C53CF75B221E /* Pods_CloudyTests.framework in Frameworks */,
			);
			runOnlyForDeploymentPostprocessing = 0;
		};
		CC89B4141D9FE314006BFD6E /* Frameworks */ = {
			isa = PBXFrameworksBuildPhase;
			buildActionMask = 2147483647;
			files = (
				54AE0A30C73D275153C5F71C /* Pods_Cloudy.framework in Frameworks */,
			);
			runOnlyForDeploymentPostprocessing = 0;
		};
/* End PBXFrameworksBuildPhase section */

/* Begin PBXGroup section */
		201976AE2179EC5300545C94 /* View Models */ = {
			isa = PBXGroup;
			children = (
				201976AF2179EC8500545C94 /* SettingsViewTimeViewModel.swift */,
				201976B12179EE7C00545C94 /* SettingsViewUnitsViewModel.swift */,
				201976B32179F02100545C94 /* SettingsViewTemperatureViewModel.swift */,
			);
			path = "View Models";
			sourceTree = "<group>";
		};
		201976B52179F20B00545C94 /* Protocols */ = {
			isa = PBXGroup;
			children = (
				201976B62179F23300545C94 /* SettingsRepresentable.swift */,
			);
			path = Protocols;
			sourceTree = "<group>";
		};
		201976BA217A1EE200545C94 /* Protocols */ = {
			isa = PBXGroup;
			children = (
				201976BB217A1EFD00545C94 /* WeatherDayRepresentable.swift */,
			);
			path = Protocols;
			sourceTree = "<group>";
		};
		201976C2217A223E00545C94 /* CloudyTests */ = {
			isa = PBXGroup;
			children = (
				201976CE217A228F00545C94 /* Test Cases */,
				201976CD217A228400545C94 /* Extensions */,
				201976CC217A227A00545C94 /* Stubs */,
				201976CB217A226900545C94 /* Supporting Files */,
			);
			path = CloudyTests;
			sourceTree = "<group>";
		};
		201976CB217A226900545C94 /* Supporting Files */ = {
			isa = PBXGroup;
			children = (
				201976C5217A223E00545C94 /* Info.plist */,
			);
			path = "Supporting Files";
			sourceTree = "<group>";
		};
		201976CC217A227A00545C94 /* Stubs */ = {
			isa = PBXGroup;
			children = (
				201976D5217A32EE00545C94 /* darksky.json */,
			);
			path = Stubs;
			sourceTree = "<group>";
		};
		201976CD217A228400545C94 /* Extensions */ = {
			isa = PBXGroup;
			children = (
				201976D7217A337600545C94 /* XCTestCase.swift */,
			);
			path = Extensions;
			sourceTree = "<group>";
		};
		201976CE217A228F00545C94 /* Test Cases */ = {
			isa = PBXGroup;
			children = (
				201976D9217A344F00545C94 /* DayViewViewModelTests.swift */,
				20516A3F217BBE240043F679 /* WeekViewViewModelTests.swift */,
				20E34D2D217C4F6100C55177 /* WeatherDayViewViewModelTests.swift */,
				201976CF217A24C000545C94 /* SettingsViewTimeViewModelTests.swift */,
				201976D1217A2C0500545C94 /* SettingsViewTemperatureViewModelTests.swift */,
				201976D3217A2EB000545C94 /* SettingsViewUnitsViewModelTests.swift */,
			);
			path = "Test Cases";
			sourceTree = "<group>";
		};
		20B70D502178DD6F006500CB /* View Models */ = {
			isa = PBXGroup;
			children = (
				20B70D512178DD90006500CB /* DayViewViewModel.swift */,
				201976AC2179E55900545C94 /* WeekViewViewModel.swift */,
				201976B8217A1D1B00545C94 /* WeatherDayViewViewModel.swift */,
			);
			path = "View Models";
			sourceTree = "<group>";
		};
		20E34D2F217C575600C55177 /* View Models */ = {
			isa = PBXGroup;
			children = (
				20E34D30217C577E00C55177 /* AddLocationViewViewModel.swift */,
			);
			path = "View Models";
			sourceTree = "<group>";
		};
		75DD74DD60A9278F0835937D /* Frameworks */ = {
			isa = PBXGroup;
			children = (
				1DEA41C3D26FA5CE95509E8C /* Pods_Cloudy.framework */,
				73DC4534CB2254DFFF64CA75 /* Pods_CloudyTests.framework */,
			);
			name = Frameworks;
			sourceTree = "<group>";
		};
		99C59840DFB51E55DAB7CD16 /* Pods */ = {
			isa = PBXGroup;
			children = (
				9F33E601F49BEEF38E6513A1 /* Pods-Cloudy.debug.xcconfig */,
				09901EA7C9B0D488C7EA4FF5 /* Pods-Cloudy.release.xcconfig */,
				5BAF4F518A7FDB74AB654508 /* Pods-CloudyTests.debug.xcconfig */,
				F14761321E99E8E9E6A23B31 /* Pods-CloudyTests.release.xcconfig */,
			);
			name = Pods;
			sourceTree = "<group>";
		};
		CC08B9D91DA206C300754A85 /* SettingsViewController */ = {
			isa = PBXGroup;
			children = (
				CC08B9DA1DA206EE00754A85 /* SettingsViewController.swift */,
				201976B52179F20B00545C94 /* Protocols */,
				201976AE2179EC5300545C94 /* View Models */,
				CC08B9DC1DA20D8D00754A85 /* Table View Cells */,
			);
			path = SettingsViewController;
			sourceTree = "<group>";
		};
		CC08B9DC1DA20D8D00754A85 /* Table View Cells */ = {
			isa = PBXGroup;
			children = (
				CC08B9DD1DA20DB400754A85 /* SettingsTableViewCell.swift */,
			);
			path = "Table View Cells";
			sourceTree = "<group>";
		};
		CC08B9DF1DA2166B00754A85 /* Extensions */ = {
			isa = PBXGroup;
			children = (
				CC08B9E21DA2208800754A85 /* Conversions.swift */,
				CC08B9E01DA2169400754A85 /* UserDefaults.swift */,
				201976AA2178E2EA00545C94 /* UIImage.swift */,
			);
			path = Extensions;
			sourceTree = "<group>";
		};
		CC63745C1DA0F535002E68DC /* Table View Cells */ = {
			isa = PBXGroup;
			children = (
				CC63745D1DA0F557002E68DC /* WeatherDayTableViewCell.swift */,
			);
			path = "Table View Cells";
			sourceTree = "<group>";
		};
		CC83E0D31F13BF1400EB0CAC /* Locations View Controller */ = {
			isa = PBXGroup;
			children = (
				CC83E0D41F13BF3B00EB0CAC /* LocationsViewController.swift */,
				CC83E0D61F13BF6700EB0CAC /* Protocols */,
				CC83E0D91F13BF8B00EB0CAC /* View Models */,
				CC83E0DC1F13BFB900EB0CAC /* Table View Cells */,
				CC83E0DF1F13BFDF00EB0CAC /* Add Location View Controller */,
			);
			path = "Locations View Controller";
			sourceTree = "<group>";
		};
		CC83E0D61F13BF6700EB0CAC /* Protocols */ = {
			isa = PBXGroup;
			children = (
				CC83E0D71F13BF8000EB0CAC /* LocationRepresentable.swift */,
			);
			name = Protocols;
			sourceTree = "<group>";
		};
		CC83E0D91F13BF8B00EB0CAC /* View Models */ = {
			isa = PBXGroup;
			children = (
				CC83E0DA1F13BFAB00EB0CAC /* LocationsViewLocationViewModel.swift */,
			);
			path = "View Models";
			sourceTree = "<group>";
		};
		CC83E0DC1F13BFB900EB0CAC /* Table View Cells */ = {
			isa = PBXGroup;
			children = (
				CC83E0DD1F13BFD300EB0CAC /* LocationTableViewCell.swift */,
			);
			path = "Table View Cells";
			sourceTree = "<group>";
		};
		CC83E0DF1F13BFDF00EB0CAC /* Add Location View Controller */ = {
			isa = PBXGroup;
			children = (
				CC83E0E01F13C01300EB0CAC /* AddLocationViewController.swift */,
				20E34D2F217C575600C55177 /* View Models */,
			);
			path = "Add Location View Controller";
			sourceTree = "<group>";
		};
		CC89B40E1D9FE314006BFD6E = {
			isa = PBXGroup;
			children = (
				CC89B4191D9FE314006BFD6E /* Cloudy */,
				201976C2217A223E00545C94 /* CloudyTests */,
				CC89B4181D9FE314006BFD6E /* Products */,
				99C59840DFB51E55DAB7CD16 /* Pods */,
				75DD74DD60A9278F0835937D /* Frameworks */,
			);
			sourceTree = "<group>";
		};
		CC89B4181D9FE314006BFD6E /* Products */ = {
			isa = PBXGroup;
			children = (
				CC89B4171D9FE314006BFD6E /* Cloudy.app */,
				201976C1217A223E00545C94 /* CloudyTests.xctest */,
			);
			name = Products;
			sourceTree = "<group>";
		};
		CC89B4191D9FE314006BFD6E /* Cloudy */ = {
			isa = PBXGroup;
			children = (
				CC89B42C1D9FE3D0006BFD6E /* Application Delegate */,
				CC89B42E1D9FE3D0006BFD6E /* View Controllers */,
				CC89B4461D9FE8B6006BFD6E /* Configuration */,
				CC89B4351D9FE3D0006BFD6E /* Storyboards */,
				CC08B9DF1DA2166B00754A85 /* Extensions */,
				CC89B4331D9FE3D0006BFD6E /* Resources */,
				CC89B4431D9FE877006BFD6E /* Managers */,
				CC89B4491D9FEB36006BFD6E /* Protocols */,
				CC89B44E1D9FEC04006BFD6E /* Models */,
				CC89B4311D9FE3D0006BFD6E /* Supporting Files */,
			);
			path = Cloudy;
			sourceTree = "<group>";
		};
		CC89B42C1D9FE3D0006BFD6E /* Application Delegate */ = {
			isa = PBXGroup;
			children = (
				CC89B42D1D9FE3D0006BFD6E /* AppDelegate.swift */,
			);
			path = "Application Delegate";
			sourceTree = "<group>";
		};
		CC89B42E1D9FE3D0006BFD6E /* View Controllers */ = {
			isa = PBXGroup;
			children = (
				CC89B42F1D9FE3D0006BFD6E /* Root View Controller */,
				CC08B9D91DA206C300754A85 /* SettingsViewController */,
				CC89B43E1D9FE58C006BFD6E /* Weather View Controllers */,
				CC83E0D31F13BF1400EB0CAC /* Locations View Controller */,
			);
			path = "View Controllers";
			sourceTree = "<group>";
		};
		CC89B42F1D9FE3D0006BFD6E /* Root View Controller */ = {
			isa = PBXGroup;
			children = (
				CC89B4301D9FE3D0006BFD6E /* RootViewController.swift */,
			);
			path = "Root View Controller";
			sourceTree = "<group>";
		};
		CC89B4311D9FE3D0006BFD6E /* Supporting Files */ = {
			isa = PBXGroup;
			children = (
				CC89B4321D9FE3D0006BFD6E /* Info.plist */,
			);
			path = "Supporting Files";
			sourceTree = "<group>";
		};
		CC89B4331D9FE3D0006BFD6E /* Resources */ = {
			isa = PBXGroup;
			children = (
				CC89B4341D9FE3D0006BFD6E /* Assets.xcassets */,
			);
			path = Resources;
			sourceTree = "<group>";
		};
		CC89B4351D9FE3D0006BFD6E /* Storyboards */ = {
			isa = PBXGroup;
			children = (
				CC89B4371D9FE3D0006BFD6E /* Main.storyboard */,
				CC89B4361D9FE3D0006BFD6E /* LaunchScreen.storyboard */,
			);
			path = Storyboards;
			sourceTree = "<group>";
		};
		CC89B43E1D9FE58C006BFD6E /* Weather View Controllers */ = {
			isa = PBXGroup;
			children = (
				CC89B43F1D9FE5BC006BFD6E /* DayViewController.swift */,
				CC89B4411D9FE5C6006BFD6E /* WeekViewController.swift */,
				CC7854CC1D9FF99700E7836D /* WeatherViewController.swift */,
				201976BA217A1EE200545C94 /* Protocols */,
				20B70D502178DD6F006500CB /* View Models */,
				CC63745C1DA0F535002E68DC /* Table View Cells */,
			);
			path = "Weather View Controllers";
			sourceTree = "<group>";
		};
		CC89B4431D9FE877006BFD6E /* Managers */ = {
			isa = PBXGroup;
			children = (
				CC89B4441D9FE897006BFD6E /* DataManager.swift */,
			);
			path = Managers;
			sourceTree = "<group>";
		};
		CC89B4461D9FE8B6006BFD6E /* Configuration */ = {
			isa = PBXGroup;
			children = (
				CC89B4471D9FE8D3006BFD6E /* Configuration.swift */,
			);
			path = Configuration;
			sourceTree = "<group>";
		};
		CC89B4491D9FEB36006BFD6E /* Protocols */ = {
			isa = PBXGroup;
			children = (
				CC89B44B1D9FEB73006BFD6E /* JSONDecodable.swift */,
			);
			path = Protocols;
			sourceTree = "<group>";
		};
		CC89B44E1D9FEC04006BFD6E /* Models */ = {
			isa = PBXGroup;
			children = (
				CC83E0E21F13C07800EB0CAC /* Location.swift */,
				CC89B44F1D9FEC2E006BFD6E /* WeatherData.swift */,
				CC89B4511D9FECBE006BFD6E /* WeatherDayData.swift */,
			);
			path = Models;
			sourceTree = "<group>";
		};
/* End PBXGroup section */

/* Begin PBXNativeTarget section */
		201976C0217A223E00545C94 /* CloudyTests */ = {
			isa = PBXNativeTarget;
			buildConfigurationList = 201976C8217A223E00545C94 /* Build configuration list for PBXNativeTarget "CloudyTests" */;
			buildPhases = (
				71851DAED7A4F8791DAF98A8 /* [CP] Check Pods Manifest.lock */,
				201976BD217A223E00545C94 /* Sources */,
				201976BE217A223E00545C94 /* Frameworks */,
				201976BF217A223E00545C94 /* Resources */,
				969E3B154B28C963A1F5B62B /* [CP] Embed Pods Frameworks */,
			);
			buildRules = (
			);
			dependencies = (
				201976C7217A223E00545C94 /* PBXTargetDependency */,
			);
			name = CloudyTests;
			productName = CloudyTests;
			productReference = 201976C1217A223E00545C94 /* CloudyTests.xctest */;
			productType = "com.apple.product-type.bundle.unit-test";
		};
		CC89B4161D9FE314006BFD6E /* Cloudy */ = {
			isa = PBXNativeTarget;
			buildConfigurationList = CC89B4291D9FE314006BFD6E /* Build configuration list for PBXNativeTarget "Cloudy" */;
			buildPhases = (
				484CA031E22EFC90E6BFA856 /* [CP] Check Pods Manifest.lock */,
				CC89B4131D9FE314006BFD6E /* Sources */,
				CC89B4141D9FE314006BFD6E /* Frameworks */,
				CC89B4151D9FE314006BFD6E /* Resources */,
				34E73F5F32E9DDDAD04C7708 /* [CP] Embed Pods Frameworks */,
			);
			buildRules = (
			);
			dependencies = (
			);
			name = Cloudy;
			productName = Cloudy;
			productReference = CC89B4171D9FE314006BFD6E /* Cloudy.app */;
			productType = "com.apple.product-type.application";
		};
/* End PBXNativeTarget section */

/* Begin PBXProject section */
		CC89B40F1D9FE314006BFD6E /* Project object */ = {
			isa = PBXProject;
			attributes = {
				LastSwiftUpdateCheck = 1000;
				LastUpgradeCheck = 1000;
				ORGANIZATIONNAME = Cocoacasts;
				TargetAttributes = {
					201976C0217A223E00545C94 = {
						CreatedOnToolsVersion = 10.0;
						DevelopmentTeam = 978YYWA6NH;
						LastSwiftMigration = 1000;
						ProvisioningStyle = Automatic;
						TestTargetID = CC89B4161D9FE314006BFD6E;
					};
					CC89B4161D9FE314006BFD6E = {
						CreatedOnToolsVersion = 8.0;
						LastSwiftMigration = 0900;
						ProvisioningStyle = Automatic;
					};
				};
			};
			buildConfigurationList = CC89B4121D9FE314006BFD6E /* Build configuration list for PBXProject "Cloudy" */;
			compatibilityVersion = "Xcode 3.2";
			developmentRegion = English;
			hasScannedForEncodings = 0;
			knownRegions = (
				en,
				Base,
			);
			mainGroup = CC89B40E1D9FE314006BFD6E;
			productRefGroup = CC89B4181D9FE314006BFD6E /* Products */;
			projectDirPath = "";
			projectRoot = "";
			targets = (
				CC89B4161D9FE314006BFD6E /* Cloudy */,
				201976C0217A223E00545C94 /* CloudyTests */,
			);
		};
/* End PBXProject section */

/* Begin PBXResourcesBuildPhase section */
		201976BF217A223E00545C94 /* Resources */ = {
			isa = PBXResourcesBuildPhase;
			buildActionMask = 2147483647;
			files = (
				201976D6217A32EE00545C94 /* darksky.json in Resources */,
			);
			runOnlyForDeploymentPostprocessing = 0;
		};
		CC89B4151D9FE314006BFD6E /* Resources */ = {
			isa = PBXResourcesBuildPhase;
			buildActionMask = 2147483647;
			files = (
				CC89B43C1D9FE3D0006BFD6E /* LaunchScreen.storyboard in Resources */,
				CC89B43B1D9FE3D0006BFD6E /* Assets.xcassets in Resources */,
				CC89B43D1D9FE3D0006BFD6E /* Main.storyboard in Resources */,
			);
			runOnlyForDeploymentPostprocessing = 0;
		};
/* End PBXResourcesBuildPhase section */

/* Begin PBXShellScriptBuildPhase section */
		34E73F5F32E9DDDAD04C7708 /* [CP] Embed Pods Frameworks */ = {
			isa = PBXShellScriptBuildPhase;
			buildActionMask = 2147483647;
			files = (
			);
			inputPaths = (
				"${SRCROOT}/Pods/Target Support Files/Pods-Cloudy/Pods-Cloudy-frameworks.sh",
				"${BUILT_PRODUCTS_DIR}/RxCocoa/RxCocoa.framework",
				"${BUILT_PRODUCTS_DIR}/RxSwift/RxSwift.framework",
			);
			name = "[CP] Embed Pods Frameworks";
			outputPaths = (
				"${TARGET_BUILD_DIR}/${FRAMEWORKS_FOLDER_PATH}/RxCocoa.framework",
				"${TARGET_BUILD_DIR}/${FRAMEWORKS_FOLDER_PATH}/RxSwift.framework",
			);
			runOnlyForDeploymentPostprocessing = 0;
			shellPath = /bin/sh;
			shellScript = "\"${SRCROOT}/Pods/Target Support Files/Pods-Cloudy/Pods-Cloudy-frameworks.sh\"\n";
			showEnvVarsInLog = 0;
		};
		484CA031E22EFC90E6BFA856 /* [CP] Check Pods Manifest.lock */ = {
			isa = PBXShellScriptBuildPhase;
			buildActionMask = 2147483647;
			files = (
			);
			inputPaths = (
				"${PODS_PODFILE_DIR_PATH}/Podfile.lock",
				"${PODS_ROOT}/Manifest.lock",
			);
			name = "[CP] Check Pods Manifest.lock";
			outputPaths = (
				"$(DERIVED_FILE_DIR)/Pods-Cloudy-checkManifestLockResult.txt",
			);
			runOnlyForDeploymentPostprocessing = 0;
			shellPath = /bin/sh;
			shellScript = "diff \"${PODS_PODFILE_DIR_PATH}/Podfile.lock\" \"${PODS_ROOT}/Manifest.lock\" > /dev/null\nif [ $? != 0 ] ; then\n    # print error to STDERR\n    echo \"error: The sandbox is not in sync with the Podfile.lock. Run 'pod install' or update your CocoaPods installation.\" >&2\n    exit 1\nfi\n# This output is used by Xcode 'outputs' to avoid re-running this script phase.\necho \"SUCCESS\" > \"${SCRIPT_OUTPUT_FILE_0}\"\n";
			showEnvVarsInLog = 0;
		};
		71851DAED7A4F8791DAF98A8 /* [CP] Check Pods Manifest.lock */ = {
			isa = PBXShellScriptBuildPhase;
			buildActionMask = 2147483647;
			files = (
			);
			inputPaths = (
				"${PODS_PODFILE_DIR_PATH}/Podfile.lock",
				"${PODS_ROOT}/Manifest.lock",
			);
			name = "[CP] Check Pods Manifest.lock";
			outputPaths = (
				"$(DERIVED_FILE_DIR)/Pods-CloudyTests-checkManifestLockResult.txt",
			);
			runOnlyForDeploymentPostprocessing = 0;
			shellPath = /bin/sh;
			shellScript = "diff \"${PODS_PODFILE_DIR_PATH}/Podfile.lock\" \"${PODS_ROOT}/Manifest.lock\" > /dev/null\nif [ $? != 0 ] ; then\n    # print error to STDERR\n    echo \"error: The sandbox is not in sync with the Podfile.lock. Run 'pod install' or update your CocoaPods installation.\" >&2\n    exit 1\nfi\n# This output is used by Xcode 'outputs' to avoid re-running this script phase.\necho \"SUCCESS\" > \"${SCRIPT_OUTPUT_FILE_0}\"\n";
			showEnvVarsInLog = 0;
		};
		969E3B154B28C963A1F5B62B /* [CP] Embed Pods Frameworks */ = {
			isa = PBXShellScriptBuildPhase;
			buildActionMask = 2147483647;
			files = (
			);
			inputPaths = (
				"${SRCROOT}/Pods/Target Support Files/Pods-CloudyTests/Pods-CloudyTests-frameworks.sh",
				"${BUILT_PRODUCTS_DIR}/RxSwift/RxSwift.framework",
				"${BUILT_PRODUCTS_DIR}/RxBlocking/RxBlocking.framework",
				"${BUILT_PRODUCTS_DIR}/RxTest/RxTest.framework",
			);
			name = "[CP] Embed Pods Frameworks";
			outputPaths = (
				"${TARGET_BUILD_DIR}/${FRAMEWORKS_FOLDER_PATH}/RxSwift.framework",
				"${TARGET_BUILD_DIR}/${FRAMEWORKS_FOLDER_PATH}/RxBlocking.framework",
				"${TARGET_BUILD_DIR}/${FRAMEWORKS_FOLDER_PATH}/RxTest.framework",
			);
			runOnlyForDeploymentPostprocessing = 0;
			shellPath = /bin/sh;
			shellScript = "\"${SRCROOT}/Pods/Target Support Files/Pods-CloudyTests/Pods-CloudyTests-frameworks.sh\"\n";
			showEnvVarsInLog = 0;
		};
/* End PBXShellScriptBuildPhase section */

/* Begin PBXSourcesBuildPhase section */
		201976BD217A223E00545C94 /* Sources */ = {
			isa = PBXSourcesBuildPhase;
			buildActionMask = 2147483647;
			files = (
				201976DA217A344F00545C94 /* DayViewViewModelTests.swift in Sources */,
				20E34D2E217C4F6100C55177 /* WeatherDayViewViewModelTests.swift in Sources */,
				201976D4217A2EB000545C94 /* SettingsViewUnitsViewModelTests.swift in Sources */,
				201976D0217A24C000545C94 /* SettingsViewTimeViewModelTests.swift in Sources */,
				201976D8217A337600545C94 /* XCTestCase.swift in Sources */,
				201976D2217A2C0500545C94 /* SettingsViewTemperatureViewModelTests.swift in Sources */,
				20516A40217BBE240043F679 /* WeekViewViewModelTests.swift in Sources */,
			);
			runOnlyForDeploymentPostprocessing = 0;
		};
		CC89B4131D9FE314006BFD6E /* Sources */ = {
			isa = PBXSourcesBuildPhase;
			buildActionMask = 2147483647;
			files = (
				201976B42179F02100545C94 /* SettingsViewTemperatureViewModel.swift in Sources */,
				CC08B9E31DA2208800754A85 /* Conversions.swift in Sources */,
				CC89B4481D9FE8D3006BFD6E /* Configuration.swift in Sources */,
				CC7854CD1D9FF99700E7836D /* WeatherViewController.swift in Sources */,
				CC83E0D51F13BF3B00EB0CAC /* LocationsViewController.swift in Sources */,
				201976B22179EE7C00545C94 /* SettingsViewUnitsViewModel.swift in Sources */,
				20B70D522178DD90006500CB /* DayViewViewModel.swift in Sources */,
				201976AD2179E55900545C94 /* WeekViewViewModel.swift in Sources */,
				201976B9217A1D1B00545C94 /* WeatherDayViewViewModel.swift in Sources */,
				CC89B4391D9FE3D0006BFD6E /* RootViewController.swift in Sources */,
				CC89B44C1D9FEB73006BFD6E /* JSONDecodable.swift in Sources */,
				CC89B4451D9FE897006BFD6E /* DataManager.swift in Sources */,
				CC83E0E11F13C01300EB0CAC /* AddLocationViewController.swift in Sources */,
				20E34D31217C577E00C55177 /* AddLocationViewViewModel.swift in Sources */,
				CC08B9DE1DA20DB400754A85 /* SettingsTableViewCell.swift in Sources */,
				201976B02179EC8500545C94 /* SettingsViewTimeViewModel.swift in Sources */,
				CC89B4381D9FE3D0006BFD6E /* AppDelegate.swift in Sources */,
				201976B72179F23300545C94 /* SettingsRepresentable.swift in Sources */,
				CC89B4521D9FECBE006BFD6E /* WeatherDayData.swift in Sources */,
				CC89B4421D9FE5C6006BFD6E /* WeekViewController.swift in Sources */,
				CC89B4501D9FEC2E006BFD6E /* WeatherData.swift in Sources */,
				CC83E0E31F13C07800EB0CAC /* Location.swift in Sources */,
				CC63745E1DA0F557002E68DC /* WeatherDayTableViewCell.swift in Sources */,
				CC83E0DE1F13BFD300EB0CAC /* LocationTableViewCell.swift in Sources */,
				CC83E0DB1F13BFAB00EB0CAC /* LocationsViewLocationViewModel.swift in Sources */,
				CC89B4401D9FE5BC006BFD6E /* DayViewController.swift in Sources */,
				201976AB2178E2EA00545C94 /* UIImage.swift in Sources */,
				201976BC217A1EFD00545C94 /* WeatherDayRepresentable.swift in Sources */,
				CC08B9E11DA2169400754A85 /* UserDefaults.swift in Sources */,
				CC83E0D81F13BF8000EB0CAC /* LocationRepresentable.swift in Sources */,
				CC08B9DB1DA206EE00754A85 /* SettingsViewController.swift in Sources */,
			);
			runOnlyForDeploymentPostprocessing = 0;
		};
/* End PBXSourcesBuildPhase section */

/* Begin PBXTargetDependency section */
		201976C7217A223E00545C94 /* PBXTargetDependency */ = {
			isa = PBXTargetDependency;
			target = CC89B4161D9FE314006BFD6E /* Cloudy */;
			targetProxy = 201976C6217A223E00545C94 /* PBXContainerItemProxy */;
		};
/* End PBXTargetDependency section */

/* Begin XCBuildConfiguration section */
		201976C9217A223E00545C94 /* Debug */ = {
			isa = XCBuildConfiguration;
			baseConfigurationReference = 5BAF4F518A7FDB74AB654508 /* Pods-CloudyTests.debug.xcconfig */;
			buildSettings = {
				BUNDLE_LOADER = "$(TEST_HOST)";
				CLANG_ANALYZER_NUMBER_OBJECT_CONVERSION = YES_AGGRESSIVE;
				CLANG_CXX_LANGUAGE_STANDARD = "gnu++14";
				CLANG_ENABLE_MODULES = YES;
				CLANG_ENABLE_OBJC_WEAK = YES;
				CLANG_WARN_UNGUARDED_AVAILABILITY = YES_AGGRESSIVE;
				CODE_SIGN_IDENTITY = "iPhone Developer";
				CODE_SIGN_STYLE = Automatic;
				DEVELOPMENT_TEAM = 978YYWA6NH;
				GCC_C_LANGUAGE_STANDARD = gnu11;
				INFOPLIST_FILE = "CloudyTests/Supporting Files/Info.plist";
				IPHONEOS_DEPLOYMENT_TARGET = 12.0;
				LD_RUNPATH_SEARCH_PATHS = "$(inherited) @executable_path/Frameworks @loader_path/Frameworks";
				MTL_ENABLE_DEBUG_INFO = INCLUDE_SOURCE;
				MTL_FAST_MATH = YES;
				PRODUCT_BUNDLE_IDENTIFIER = com.tobiomotayo.CloudyTests;
				PRODUCT_NAME = "$(TARGET_NAME)";
				SWIFT_OPTIMIZATION_LEVEL = "-Onone";
				SWIFT_VERSION = 4.0;
				TARGETED_DEVICE_FAMILY = "1,2";
				TEST_HOST = "$(BUILT_PRODUCTS_DIR)/Cloudy.app/Cloudy";
			};
			name = Debug;
		};
		201976CA217A223E00545C94 /* Release */ = {
			isa = XCBuildConfiguration;
			baseConfigurationReference = F14761321E99E8E9E6A23B31 /* Pods-CloudyTests.release.xcconfig */;
			buildSettings = {
				BUNDLE_LOADER = "$(TEST_HOST)";
				CLANG_ANALYZER_NUMBER_OBJECT_CONVERSION = YES_AGGRESSIVE;
				CLANG_CXX_LANGUAGE_STANDARD = "gnu++14";
				CLANG_ENABLE_MODULES = YES;
				CLANG_ENABLE_OBJC_WEAK = YES;
				CLANG_WARN_UNGUARDED_AVAILABILITY = YES_AGGRESSIVE;
				CODE_SIGN_IDENTITY = "iPhone Developer";
				CODE_SIGN_STYLE = Automatic;
				DEVELOPMENT_TEAM = 978YYWA6NH;
				GCC_C_LANGUAGE_STANDARD = gnu11;
				INFOPLIST_FILE = "CloudyTests/Supporting Files/Info.plist";
				IPHONEOS_DEPLOYMENT_TARGET = 12.0;
				LD_RUNPATH_SEARCH_PATHS = "$(inherited) @executable_path/Frameworks @loader_path/Frameworks";
				MTL_FAST_MATH = YES;
				PRODUCT_BUNDLE_IDENTIFIER = com.tobiomotayo.CloudyTests;
				PRODUCT_NAME = "$(TARGET_NAME)";
				SWIFT_VERSION = 4.0;
				TARGETED_DEVICE_FAMILY = "1,2";
				TEST_HOST = "$(BUILT_PRODUCTS_DIR)/Cloudy.app/Cloudy";
			};
			name = Release;
		};
		CC89B4271D9FE314006BFD6E /* Debug */ = {
			isa = XCBuildConfiguration;
			buildSettings = {
				ALWAYS_SEARCH_USER_PATHS = NO;
				CLANG_ANALYZER_NONNULL = YES;
				CLANG_CXX_LANGUAGE_STANDARD = "gnu++0x";
				CLANG_CXX_LIBRARY = "libc++";
				CLANG_ENABLE_MODULES = YES;
				CLANG_ENABLE_OBJC_ARC = YES;
				CLANG_WARN_BLOCK_CAPTURE_AUTORELEASING = YES;
				CLANG_WARN_BOOL_CONVERSION = YES;
				CLANG_WARN_COMMA = YES;
				CLANG_WARN_CONSTANT_CONVERSION = YES;
				CLANG_WARN_DEPRECATED_OBJC_IMPLEMENTATIONS = YES;
				CLANG_WARN_DIRECT_OBJC_ISA_USAGE = YES_ERROR;
				CLANG_WARN_DOCUMENTATION_COMMENTS = YES;
				CLANG_WARN_EMPTY_BODY = YES;
				CLANG_WARN_ENUM_CONVERSION = YES;
				CLANG_WARN_INFINITE_RECURSION = YES;
				CLANG_WARN_INT_CONVERSION = YES;
				CLANG_WARN_NON_LITERAL_NULL_CONVERSION = YES;
				CLANG_WARN_OBJC_IMPLICIT_RETAIN_SELF = YES;
				CLANG_WARN_OBJC_LITERAL_CONVERSION = YES;
				CLANG_WARN_OBJC_ROOT_CLASS = YES_ERROR;
				CLANG_WARN_RANGE_LOOP_ANALYSIS = YES;
				CLANG_WARN_STRICT_PROTOTYPES = YES;
				CLANG_WARN_SUSPICIOUS_MOVE = YES;
				CLANG_WARN_SUSPICIOUS_MOVES = YES;
				CLANG_WARN_UNREACHABLE_CODE = YES;
				CLANG_WARN__DUPLICATE_METHOD_MATCH = YES;
				"CODE_SIGN_IDENTITY[sdk=iphoneos*]" = "iPhone Developer";
				COPY_PHASE_STRIP = NO;
				DEBUG_INFORMATION_FORMAT = dwarf;
				ENABLE_STRICT_OBJC_MSGSEND = YES;
				ENABLE_TESTABILITY = YES;
				GCC_C_LANGUAGE_STANDARD = gnu99;
				GCC_DYNAMIC_NO_PIC = NO;
				GCC_NO_COMMON_BLOCKS = YES;
				GCC_OPTIMIZATION_LEVEL = 0;
				GCC_PREPROCESSOR_DEFINITIONS = (
					"DEBUG=1",
					"$(inherited)",
				);
				GCC_WARN_64_TO_32_BIT_CONVERSION = YES;
				GCC_WARN_ABOUT_RETURN_TYPE = YES_ERROR;
				GCC_WARN_UNDECLARED_SELECTOR = YES;
				GCC_WARN_UNINITIALIZED_AUTOS = YES_AGGRESSIVE;
				GCC_WARN_UNUSED_FUNCTION = YES;
				GCC_WARN_UNUSED_VARIABLE = YES;
				IPHONEOS_DEPLOYMENT_TARGET = 10.0;
				MTL_ENABLE_DEBUG_INFO = YES;
				ONLY_ACTIVE_ARCH = YES;
				SDKROOT = iphoneos;
				SWIFT_ACTIVE_COMPILATION_CONDITIONS = DEBUG;
				SWIFT_OPTIMIZATION_LEVEL = "-Onone";
			};
			name = Debug;
		};
		CC89B4281D9FE314006BFD6E /* Release */ = {
			isa = XCBuildConfiguration;
			buildSettings = {
				ALWAYS_SEARCH_USER_PATHS = NO;
				CLANG_ANALYZER_NONNULL = YES;
				CLANG_CXX_LANGUAGE_STANDARD = "gnu++0x";
				CLANG_CXX_LIBRARY = "libc++";
				CLANG_ENABLE_MODULES = YES;
				CLANG_ENABLE_OBJC_ARC = YES;
				CLANG_WARN_BLOCK_CAPTURE_AUTORELEASING = YES;
				CLANG_WARN_BOOL_CONVERSION = YES;
				CLANG_WARN_COMMA = YES;
				CLANG_WARN_CONSTANT_CONVERSION = YES;
				CLANG_WARN_DEPRECATED_OBJC_IMPLEMENTATIONS = YES;
				CLANG_WARN_DIRECT_OBJC_ISA_USAGE = YES_ERROR;
				CLANG_WARN_DOCUMENTATION_COMMENTS = YES;
				CLANG_WARN_EMPTY_BODY = YES;
				CLANG_WARN_ENUM_CONVERSION = YES;
				CLANG_WARN_INFINITE_RECURSION = YES;
				CLANG_WARN_INT_CONVERSION = YES;
				CLANG_WARN_NON_LITERAL_NULL_CONVERSION = YES;
				CLANG_WARN_OBJC_IMPLICIT_RETAIN_SELF = YES;
				CLANG_WARN_OBJC_LITERAL_CONVERSION = YES;
				CLANG_WARN_OBJC_ROOT_CLASS = YES_ERROR;
				CLANG_WARN_RANGE_LOOP_ANALYSIS = YES;
				CLANG_WARN_STRICT_PROTOTYPES = YES;
				CLANG_WARN_SUSPICIOUS_MOVE = YES;
				CLANG_WARN_SUSPICIOUS_MOVES = YES;
				CLANG_WARN_UNREACHABLE_CODE = YES;
				CLANG_WARN__DUPLICATE_METHOD_MATCH = YES;
				"CODE_SIGN_IDENTITY[sdk=iphoneos*]" = "iPhone Developer";
				COPY_PHASE_STRIP = NO;
				DEBUG_INFORMATION_FORMAT = "dwarf-with-dsym";
				ENABLE_NS_ASSERTIONS = NO;
				ENABLE_STRICT_OBJC_MSGSEND = YES;
				GCC_C_LANGUAGE_STANDARD = gnu99;
				GCC_NO_COMMON_BLOCKS = YES;
				GCC_WARN_64_TO_32_BIT_CONVERSION = YES;
				GCC_WARN_ABOUT_RETURN_TYPE = YES_ERROR;
				GCC_WARN_UNDECLARED_SELECTOR = YES;
				GCC_WARN_UNINITIALIZED_AUTOS = YES_AGGRESSIVE;
				GCC_WARN_UNUSED_FUNCTION = YES;
				GCC_WARN_UNUSED_VARIABLE = YES;
				IPHONEOS_DEPLOYMENT_TARGET = 10.0;
				MTL_ENABLE_DEBUG_INFO = NO;
				SDKROOT = iphoneos;
				SWIFT_OPTIMIZATION_LEVEL = "-Owholemodule";
				VALIDATE_PRODUCT = YES;
			};
			name = Release;
		};
		CC89B42A1D9FE314006BFD6E /* Debug */ = {
			isa = XCBuildConfiguration;
			baseConfigurationReference = 9F33E601F49BEEF38E6513A1 /* Pods-Cloudy.debug.xcconfig */;
			buildSettings = {
				ASSETCATALOG_COMPILER_APPICON_NAME = AppIcon;
				DEVELOPMENT_TEAM = "";
				INFOPLIST_FILE = "Cloudy/Supporting Files/Info.plist";
				LD_RUNPATH_SEARCH_PATHS = "$(inherited) @executable_path/Frameworks";
				PRODUCT_BUNDLE_IDENTIFIER = com.cocoacasts.Cloudy;
				PRODUCT_NAME = "$(TARGET_NAME)";
				SWIFT_SWIFT3_OBJC_INFERENCE = Off;
				SWIFT_VERSION = 4.0;
			};
			name = Debug;
		};
		CC89B42B1D9FE314006BFD6E /* Release */ = {
			isa = XCBuildConfiguration;
			baseConfigurationReference = 09901EA7C9B0D488C7EA4FF5 /* Pods-Cloudy.release.xcconfig */;
			buildSettings = {
				ASSETCATALOG_COMPILER_APPICON_NAME = AppIcon;
				DEVELOPMENT_TEAM = "";
				INFOPLIST_FILE = "Cloudy/Supporting Files/Info.plist";
				LD_RUNPATH_SEARCH_PATHS = "$(inherited) @executable_path/Frameworks";
				PRODUCT_BUNDLE_IDENTIFIER = com.cocoacasts.Cloudy;
				PRODUCT_NAME = "$(TARGET_NAME)";
				SWIFT_SWIFT3_OBJC_INFERENCE = Off;
				SWIFT_VERSION = 4.0;
			};
			name = Release;
		};
/* End XCBuildConfiguration section */

/* Begin XCConfigurationList section */
		201976C8217A223E00545C94 /* Build configuration list for PBXNativeTarget "CloudyTests" */ = {
			isa = XCConfigurationList;
			buildConfigurations = (
				201976C9217A223E00545C94 /* Debug */,
				201976CA217A223E00545C94 /* Release */,
			);
			defaultConfigurationIsVisible = 0;
			defaultConfigurationName = Release;
		};
		CC89B4121D9FE314006BFD6E /* Build configuration list for PBXProject "Cloudy" */ = {
			isa = XCConfigurationList;
			buildConfigurations = (
				CC89B4271D9FE314006BFD6E /* Debug */,
				CC89B4281D9FE314006BFD6E /* Release */,
			);
			defaultConfigurationIsVisible = 0;
			defaultConfigurationName = Release;
		};
		CC89B4291D9FE314006BFD6E /* Build configuration list for PBXNativeTarget "Cloudy" */ = {
			isa = XCConfigurationList;
			buildConfigurations = (
				CC89B42A1D9FE314006BFD6E /* Debug */,
				CC89B42B1D9FE314006BFD6E /* Release */,
			);
			defaultConfigurationIsVisible = 0;
			defaultConfigurationName = Release;
		};
/* End XCConfigurationList section */
	};
	rootObject = CC89B40F1D9FE314006BFD6E /* Project object */;
}
